
Microsoft Visual Studio Solution File, Format Version 12.00
# Visual Studio Version 16
VisualStudioVersion = 16.0.31829.152
MinimumVisualStudioVersion = 10.0.40219.1
Project("{9A19103F-16F7-4668-BE54-9A1E7A4F7556}") = "HomeWork_21", "HomeWork_21\HomeWork_21.csproj", "{9A20B457-9D74-4B97-9665-986A532A35A2}"
EndProject
Project("{9A19103F-16F7-4668-BE54-9A1E7A4F7556}") = "WebApi", "WebApi\WebApi.csproj", "{D952EEF2-8A0D-43C0-896E-C18556849769}"
EndProject
Project("{FAE04EC0-301F-11D3-BF4B-00C04F79EFBC}") = "WPFClient", "WPFClient\WPFClient.csproj", "{7336F03B-312F-4C5A-87AA-4EEA34445364}"
EndProject
Global
	GlobalSection(SolutionConfigurationPlatforms) = preSolution
		Debug|Any CPU = Debug|Any CPU
		Release|Any CPU = Release|Any CPU
	EndGlobalSection
	GlobalSection(ProjectConfigurationPlatforms) = postSolution
		{9A20B457-9D74-4B97-9665-986A532A35A2}.Debug|Any CPU.ActiveCfg = Debug|Any CPU
		{9A20B457-9D74-4B97-9665-986A532A35A2}.Debug|Any CPU.Build.0 = Debug|Any CPU
		{9A20B457-9D74-4B97-9665-986A532A35A2}.Release|Any CPU.ActiveCfg = Release|Any CPU
		{9A20B457-9D74-4B97-9665-986A532A35A2}.Release|Any CPU.Build.0 = Release|Any CPU
		{D952EEF2-8A0D-43C0-896E-C18556849769}.Debug|Any CPU.ActiveCfg = Debug|Any CPU
		{D952EEF2-8A0D-43C0-896E-C18556849769}.Debug|Any CPU.Build.0 = Debug|Any CPU
		{D952EEF2-8A0D-43C0-896E-C18556849769}.Release|Any CPU.ActiveCfg = Release|Any CPU
		{D952EEF2-8A0D-43C0-896E-C18556849769}.Release|Any CPU.Build.0 = Release|Any CPU
		{7336F03B-312F-4C5A-87AA-4EEA34445364}.Debug|Any CPU.ActiveCfg = Debug|Any CPU
		{7336F03B-312F-4C5A-87AA-4EEA34445364}.Debug|Any CPU.Build.0 = Debug|Any CPU
		{7336F03B-312F-4C5A-87AA-4EEA34445364}.Release|Any CPU.ActiveCfg = Release|Any CPU
		{7336F03B-312F-4C5A-87AA-4EEA34445364}.Release|Any CPU.Build.0 = Release|Any CPU
	EndGlobalSection
	GlobalSection(SolutionProperties) = preSolution
		HideSolutionNode = FALSE
	EndGlobalSection
	GlobalSection(ExtensibilityGlobals) = postSolution
		SolutionGuid = {D4301A62-89E1-4C7D-AA41-971A9A16A145}
	EndGlobalSection
EndGlobal
